
Microsoft Visual Studio Solution File, Format Version 12.00
# Visual Studio Version 16
VisualStudioVersion = 16.0.30330.147
MinimumVisualStudioVersion = 10.0.40219.1
Project("{F2A71F9B-5D33-465A-A702-920D77279786}") = "ConsoleApp1", "ConsoleApp1\ConsoleApp1.fsproj", "{9044EA2D-20C0-44B8-85FA-08ECE4CE7F77}"
EndProject
Global
	GlobalSection(SolutionConfigurationPlatforms) = preSolution
		Debug|Any CPU = Debug|Any CPU
		Release|Any CPU = Release|Any CPU
	EndGlobalSection
	GlobalSection(ProjectConfigurationPlatforms) = postSolution
		{9044EA2D-20C0-44B8-85FA-08ECE4CE7F77}.Debug|Any CPU.ActiveCfg = Debug|Any CPU
		{9044EA2D-20C0-44B8-85FA-08ECE4CE7F77}.Debug|Any CPU.Build.0 = Debug|Any CPU
		{9044EA2D-20C0-44B8-85FA-08ECE4CE7F77}.Release|Any CPU.ActiveCfg = Release|Any CPU
		{9044EA2D-20C0-44B8-85FA-08ECE4CE7F77}.Release|Any CPU.Build.0 = Release|Any CPU
	EndGlobalSection
	GlobalSection(SolutionProperties) = preSolution
		HideSolutionNode = FALSE
	EndGlobalSection
	GlobalSection(ExtensibilityGlobals) = postSolution
		SolutionGuid = {157AFDA4-937A-4082-9CE0-F692B78C1ED4}
	EndGlobalSection
EndGlobal
